
Microsoft Visual Studio Solution File, Format Version 12.00
# Visual Studio Version 17
VisualStudioVersion = 17.3.32819.101
MinimumVisualStudioVersion = 10.0.40219.1
Project("{FAE04EC0-301F-11D3-BF4B-00C04F79EFBC}") = "LightBot", "LightBot\LightBot.csproj", "{6A507856-888C-4E5C-BA92-A1CAC1992E51}"
EndProject
Global
	GlobalSection(SolutionConfigurationPlatforms) = preSolution
		Debug|Any CPU = Debug|Any CPU
		Release|Any CPU = Release|Any CPU
	EndGlobalSection
	GlobalSection(ProjectConfigurationPlatforms) = postSolution
		{6A507856-888C-4E5C-BA92-A1CAC1992E51}.Debug|Any CPU.ActiveCfg = Debug|Any CPU
		{6A507856-888C-4E5C-BA92-A1CAC1992E51}.Debug|Any CPU.Build.0 = Debug|Any CPU
		{6A507856-888C-4E5C-BA92-A1CAC1992E51}.Release|Any CPU.ActiveCfg = Release|Any CPU
		{6A507856-888C-4E5C-BA92-A1CAC1992E51}.Release|Any CPU.Build.0 = Release|Any CPU
	EndGlobalSection
	GlobalSection(SolutionProperties) = preSolution
		HideSolutionNode = FALSE
	EndGlobalSection
	GlobalSection(ExtensibilityGlobals) = postSolution
		SolutionGuid = {848B2DF3-7674-4135-B83B-9A006191CF75}
	EndGlobalSection
EndGlobal
